// !$*UTF8*$!
{
	archiveVersion = 1;
	classes = {
	};
	objectVersion = 77;
	objects = {

/* Begin PBXBuildFile section */
		A01859712EF6B42B007EF68A /* Assets.xcassets in Resources */ = {isa = PBXBuildFile; fileRef = A018596D2EF6B42B007EF68A /* Assets.xcassets */; };
		A01859732EF6B42B007EF68A /* MisMangasApp.swift in Sources */ = {isa = PBXBuildFile; fileRef = A018596F2EF6B42B007EF68A /* MisMangasApp.swift */; };
		A05450B32F0A817200F88D1D /* RatingView.swift in Sources */ = {isa = PBXBuildFile; fileRef = A05450B22F0A816F00F88D1D /* RatingView.swift */; };
		A05450B92F0A904E00F88D1D /* AddToCollectionSheet.swift in Sources */ = {isa = PBXBuildFile; fileRef = A05450B82F0A904A00F88D1D /* AddToCollectionSheet.swift */; };
		A05450BB2F0A929B00F88D1D /* CollectionView.swift in Sources */ = {isa = PBXBuildFile; fileRef = A05450BA2F0A929600F88D1D /* CollectionView.swift */; };
		A05450BD2F0A931B00F88D1D /* CollectionCardView.swift in Sources */ = {isa = PBXBuildFile; fileRef = A05450BC2F0A931800F88D1D /* CollectionCardView.swift */; };
		A07858412F10F254003A0603 /* ExploreView.swift in Sources */ = {isa = PBXBuildFile; fileRef = A07858402F10F251003A0603 /* ExploreView.swift */; };
		A07858432F10FA79003A0603 /* CategoryGridView.swift in Sources */ = {isa = PBXBuildFile; fileRef = A07858422F10FA78003A0603 /* CategoryGridView.swift */; };
		A07858452F10FAA3003A0603 /* CategoryGridVM.swift in Sources */ = {isa = PBXBuildFile; fileRef = A07858442F10FAA2003A0603 /* CategoryGridVM.swift */; };
		A07858472F1101E3003A0603 /* LoadingView.swift in Sources */ = {isa = PBXBuildFile; fileRef = A07858462F1101DF003A0603 /* LoadingView.swift */; };
		A078584D2F111516003A0603 /* MisMangas.icon in Resources */ = {isa = PBXBuildFile; fileRef = A078584C2F111516003A0603 /* MisMangas.icon */; };
		A07DADA92F0FA0B600225D05 /* NewMangaDetailView.swift in Sources */ = {isa = PBXBuildFile; fileRef = A07DADA82F0FA0B400225D05 /* NewMangaDetailView.swift */; };
		A07DADAD2F0FB3AB00225D05 /* ExploreVM.swift in Sources */ = {isa = PBXBuildFile; fileRef = A07DADAC2F0FB3A800225D05 /* ExploreVM.swift */; };
		A07DADAF2F0FBAE400225D05 /* HeroCarouselView.swift in Sources */ = {isa = PBXBuildFile; fileRef = A07DADAE2F0FBAE100225D05 /* HeroCarouselView.swift */; };
		A07DADB12F0FBE0000225D05 /* MangaRowView.swift in Sources */ = {isa = PBXBuildFile; fileRef = A07DADB02F0FBDFD00225D05 /* MangaRowView.swift */; };
		A07DADB32F0FBE7A00225D05 /* NewMangaListView.swift in Sources */ = {isa = PBXBuildFile; fileRef = A07DADB22F0FBE7800225D05 /* NewMangaListView.swift */; };
		A0C291832EF8070100938CB5 /* MangaDTO.swift in Sources */ = {isa = PBXBuildFile; fileRef = A0C291822EF806F900938CB5 /* MangaDTO.swift */; };
		A0C291852EF8075D00938CB5 /* AuthorDTO.swift in Sources */ = {isa = PBXBuildFile; fileRef = A0C291842EF8075500938CB5 /* AuthorDTO.swift */; };
		A0C291872EF8078000938CB5 /* GenreDTO.swift in Sources */ = {isa = PBXBuildFile; fileRef = A0C291862EF8077A00938CB5 /* GenreDTO.swift */; };
		A0C291892EF807A400938CB5 /* ThemeDTO.swift in Sources */ = {isa = PBXBuildFile; fileRef = A0C291882EF807A000938CB5 /* ThemeDTO.swift */; };
		A0C2918B2EF807B800938CB5 /* DemographicDTO.swift in Sources */ = {isa = PBXBuildFile; fileRef = A0C2918A2EF807B600938CB5 /* DemographicDTO.swift */; };
		A0C2918D2EF807D300938CB5 /* PaginatedResponse.swift in Sources */ = {isa = PBXBuildFile; fileRef = A0C2918C2EF807D100938CB5 /* PaginatedResponse.swift */; };
		A0C2918F2EF8084600938CB5 /* UserMangaCollection.swift in Sources */ = {isa = PBXBuildFile; fileRef = A0C2918E2EF8084200938CB5 /* UserMangaCollection.swift */; };
		A0C291912EF808E300938CB5 /* PreviewData.swift in Sources */ = {isa = PBXBuildFile; fileRef = A0C291902EF808E000938CB5 /* PreviewData.swift */; };
		A0C291932EF80A2C00938CB5 /* PreviewContainer.swift in Sources */ = {isa = PBXBuildFile; fileRef = A0C291922EF80A2A00938CB5 /* PreviewContainer.swift */; };
		A0C291952EF814D000938CB5 /* NetworkError.swift in Sources */ = {isa = PBXBuildFile; fileRef = A0C291942EF814CC00938CB5 /* NetworkError.swift */; };
		A0C291972EF8151200938CB5 /* NetworkInteractor.swift in Sources */ = {isa = PBXBuildFile; fileRef = A0C291962EF8150F00938CB5 /* NetworkInteractor.swift */; };
		A0C291992EF8154A00938CB5 /* URLRequest.swift in Sources */ = {isa = PBXBuildFile; fileRef = A0C291982EF8154A00938CB5 /* URLRequest.swift */; };
		A0C2919B2EF8159000938CB5 /* URLSession.swift in Sources */ = {isa = PBXBuildFile; fileRef = A0C2919A2EF8158D00938CB5 /* URLSession.swift */; };
		A0C2919E2EF815BE00938CB5 /* UIImage.swift in Sources */ = {isa = PBXBuildFile; fileRef = A0C2919D2EF815BA00938CB5 /* UIImage.swift */; };
		A0C291A02EF815E300938CB5 /* ImageDownloader.swift in Sources */ = {isa = PBXBuildFile; fileRef = A0C2919F2EF815E100938CB5 /* ImageDownloader.swift */; };
		A0C291A22EF815FF00938CB5 /* URL.swift in Sources */ = {isa = PBXBuildFile; fileRef = A0C291A12EF815FE00938CB5 /* URL.swift */; };
		A0C291A42EF8162D00938CB5 /* NetworkRepository.swift in Sources */ = {isa = PBXBuildFile; fileRef = A0C291A32EF8162900938CB5 /* NetworkRepository.swift */; };
		A0C291AA2EF81F5200938CB5 /* MangaListVM.swift in Sources */ = {isa = PBXBuildFile; fileRef = A0C291A92EF81F4E00938CB5 /* MangaListVM.swift */; };
		A0C291B02EF81F7700938CB5 /* MangaCoverView.swift in Sources */ = {isa = PBXBuildFile; fileRef = A0C291AF2EF81F7400938CB5 /* MangaCoverView.swift */; };
		A0C291B42EF822CA00938CB5 /* MainTab.swift in Sources */ = {isa = PBXBuildFile; fileRef = A0C291B32EF822C900938CB5 /* MainTab.swift */; };
/* End PBXBuildFile section */

/* Begin PBXFileReference section */
		A018595F2EF6B41F007EF68A /* MisMangas.app */ = {isa = PBXFileReference; explicitFileType = wrapper.application; includeInIndex = 0; path = MisMangas.app; sourceTree = BUILT_PRODUCTS_DIR; };
		A018596D2EF6B42B007EF68A /* Assets.xcassets */ = {isa = PBXFileReference; lastKnownFileType = folder.assetcatalog; path = Assets.xcassets; sourceTree = "<group>"; };
		A018596F2EF6B42B007EF68A /* MisMangasApp.swift */ = {isa = PBXFileReference; lastKnownFileType = sourcecode.swift; path = MisMangasApp.swift; sourceTree = "<group>"; };
		A05450B22F0A816F00F88D1D /* RatingView.swift */ = {isa = PBXFileReference; lastKnownFileType = sourcecode.swift; path = RatingView.swift; sourceTree = "<group>"; };
		A05450B82F0A904A00F88D1D /* AddToCollectionSheet.swift */ = {isa = PBXFileReference; lastKnownFileType = sourcecode.swift; path = AddToCollectionSheet.swift; sourceTree = "<group>"; };
		A05450BA2F0A929600F88D1D /* CollectionView.swift */ = {isa = PBXFileReference; lastKnownFileType = sourcecode.swift; path = CollectionView.swift; sourceTree = "<group>"; };
		A05450BC2F0A931800F88D1D /* CollectionCardView.swift */ = {isa = PBXFileReference; lastKnownFileType = sourcecode.swift; path = CollectionCardView.swift; sourceTree = "<group>"; };
		A07858402F10F251003A0603 /* ExploreView.swift */ = {isa = PBXFileReference; lastKnownFileType = sourcecode.swift; path = ExploreView.swift; sourceTree = "<group>"; };
		A07858422F10FA78003A0603 /* CategoryGridView.swift */ = {isa = PBXFileReference; lastKnownFileType = sourcecode.swift; path = CategoryGridView.swift; sourceTree = "<group>"; };
		A07858442F10FAA2003A0603 /* CategoryGridVM.swift */ = {isa = PBXFileReference; lastKnownFileType = sourcecode.swift; path = CategoryGridVM.swift; sourceTree = "<group>"; };
		A07858462F1101DF003A0603 /* LoadingView.swift */ = {isa = PBXFileReference; lastKnownFileType = sourcecode.swift; path = LoadingView.swift; sourceTree = "<group>"; };
		A078584C2F111516003A0603 /* MisMangas.icon */ = {isa = PBXFileReference; lastKnownFileType = folder.iconcomposer.icon; path = MisMangas.icon; sourceTree = "<group>"; };
		A07DADA82F0FA0B400225D05 /* NewMangaDetailView.swift */ = {isa = PBXFileReference; lastKnownFileType = sourcecode.swift; path = NewMangaDetailView.swift; sourceTree = "<group>"; };
		A07DADAC2F0FB3A800225D05 /* ExploreVM.swift */ = {isa = PBXFileReference; lastKnownFileType = sourcecode.swift; path = ExploreVM.swift; sourceTree = "<group>"; };
		A07DADAE2F0FBAE100225D05 /* HeroCarouselView.swift */ = {isa = PBXFileReference; lastKnownFileType = sourcecode.swift; path = HeroCarouselView.swift; sourceTree = "<group>"; };
		A07DADB02F0FBDFD00225D05 /* MangaRowView.swift */ = {isa = PBXFileReference; lastKnownFileType = sourcecode.swift; path = MangaRowView.swift; sourceTree = "<group>"; };
		A07DADB22F0FBE7800225D05 /* NewMangaListView.swift */ = {isa = PBXFileReference; lastKnownFileType = sourcecode.swift; path = NewMangaListView.swift; sourceTree = "<group>"; };
		A0C291822EF806F900938CB5 /* MangaDTO.swift */ = {isa = PBXFileReference; lastKnownFileType = sourcecode.swift; path = MangaDTO.swift; sourceTree = "<group>"; };
		A0C291842EF8075500938CB5 /* AuthorDTO.swift */ = {isa = PBXFileReference; lastKnownFileType = sourcecode.swift; path = AuthorDTO.swift; sourceTree = "<group>"; };
		A0C291862EF8077A00938CB5 /* GenreDTO.swift */ = {isa = PBXFileReference; lastKnownFileType = sourcecode.swift; path = GenreDTO.swift; sourceTree = "<group>"; };
		A0C291882EF807A000938CB5 /* ThemeDTO.swift */ = {isa = PBXFileReference; lastKnownFileType = sourcecode.swift; path = ThemeDTO.swift; sourceTree = "<group>"; };
		A0C2918A2EF807B600938CB5 /* DemographicDTO.swift */ = {isa = PBXFileReference; lastKnownFileType = sourcecode.swift; path = DemographicDTO.swift; sourceTree = "<group>"; };
		A0C2918C2EF807D100938CB5 /* PaginatedResponse.swift */ = {isa = PBXFileReference; lastKnownFileType = sourcecode.swift; path = PaginatedResponse.swift; sourceTree = "<group>"; };
		A0C2918E2EF8084200938CB5 /* UserMangaCollection.swift */ = {isa = PBXFileReference; lastKnownFileType = sourcecode.swift; path = UserMangaCollection.swift; sourceTree = "<group>"; };
		A0C291902EF808E000938CB5 /* PreviewData.swift */ = {isa = PBXFileReference; lastKnownFileType = sourcecode.swift; path = PreviewData.swift; sourceTree = "<group>"; };
		A0C291922EF80A2A00938CB5 /* PreviewContainer.swift */ = {isa = PBXFileReference; lastKnownFileType = sourcecode.swift; path = PreviewContainer.swift; sourceTree = "<group>"; };
		A0C291942EF814CC00938CB5 /* NetworkError.swift */ = {isa = PBXFileReference; lastKnownFileType = sourcecode.swift; path = NetworkError.swift; sourceTree = "<group>"; };
		A0C291962EF8150F00938CB5 /* NetworkInteractor.swift */ = {isa = PBXFileReference; lastKnownFileType = sourcecode.swift; path = NetworkInteractor.swift; sourceTree = "<group>"; };
		A0C291982EF8154A00938CB5 /* URLRequest.swift */ = {isa = PBXFileReference; lastKnownFileType = sourcecode.swift; path = URLRequest.swift; sourceTree = "<group>"; };
		A0C2919A2EF8158D00938CB5 /* URLSession.swift */ = {isa = PBXFileReference; lastKnownFileType = sourcecode.swift; path = URLSession.swift; sourceTree = "<group>"; };
		A0C2919D2EF815BA00938CB5 /* UIImage.swift */ = {isa = PBXFileReference; lastKnownFileType = sourcecode.swift; path = UIImage.swift; sourceTree = "<group>"; };
		A0C2919F2EF815E100938CB5 /* ImageDownloader.swift */ = {isa = PBXFileReference; lastKnownFileType = sourcecode.swift; path = ImageDownloader.swift; sourceTree = "<group>"; };
		A0C291A12EF815FE00938CB5 /* URL.swift */ = {isa = PBXFileReference; lastKnownFileType = sourcecode.swift; path = URL.swift; sourceTree = "<group>"; };
		A0C291A32EF8162900938CB5 /* NetworkRepository.swift */ = {isa = PBXFileReference; lastKnownFileType = sourcecode.swift; path = NetworkRepository.swift; sourceTree = "<group>"; };
		A0C291A92EF81F4E00938CB5 /* MangaListVM.swift */ = {isa = PBXFileReference; lastKnownFileType = sourcecode.swift; path = MangaListVM.swift; sourceTree = "<group>"; };
		A0C291AF2EF81F7400938CB5 /* MangaCoverView.swift */ = {isa = PBXFileReference; lastKnownFileType = sourcecode.swift; path = MangaCoverView.swift; sourceTree = "<group>"; };
		A0C291B32EF822C900938CB5 /* MainTab.swift */ = {isa = PBXFileReference; lastKnownFileType = sourcecode.swift; path = MainTab.swift; sourceTree = "<group>"; };
/* End PBXFileReference section */

/* Begin PBXFrameworksBuildPhase section */
		A018595C2EF6B41F007EF68A /* Frameworks */ = {
			isa = PBXFrameworksBuildPhase;
			buildActionMask = 2147483647;
			files = (
			);
			runOnlyForDeploymentPostprocessing = 0;
		};
/* End PBXFrameworksBuildPhase section */

/* Begin PBXGroup section */
		A01859562EF6B41F007EF68A = {
			isa = PBXGroup;
			children = (
				A01859702EF6B42B007EF68A /* MisMangas */,
				A01859602EF6B41F007EF68A /* Products */,
			);
			sourceTree = "<group>";
		};
		A01859602EF6B41F007EF68A /* Products */ = {
			isa = PBXGroup;
			children = (
				A018595F2EF6B41F007EF68A /* MisMangas.app */,
			);
			name = Products;
			sourceTree = "<group>";
		};
		A01859702EF6B42B007EF68A /* MisMangas */ = {
			isa = PBXGroup;
			children = (
				A018597A2EF6B486007EF68A /* Components */,
				A01859792EF6B47C007EF68A /* Views */,
				A01859772EF6B467007EF68A /* ViewModel */,
				A01859762EF6B45E007EF68A /* DataModel */,
				A01859752EF6B453007EF68A /* Model */,
				A01859742EF6B433007EF68A /* Network */,
				A018596D2EF6B42B007EF68A /* Assets.xcassets */,
				A078584C2F111516003A0603 /* MisMangas.icon */,
				A018596F2EF6B42B007EF68A /* MisMangasApp.swift */,
			);
			path = MisMangas;
			sourceTree = "<group>";
		};
		A01859742EF6B433007EF68A /* Network */ = {
			isa = PBXGroup;
			children = (
				A0C291A32EF8162900938CB5 /* NetworkRepository.swift */,
				A0C291A12EF815FE00938CB5 /* URL.swift */,
				A0C2919F2EF815E100938CB5 /* ImageDownloader.swift */,
				A0C2919D2EF815BA00938CB5 /* UIImage.swift */,
				A0C2919A2EF8158D00938CB5 /* URLSession.swift */,
				A0C291982EF8154A00938CB5 /* URLRequest.swift */,
				A0C291962EF8150F00938CB5 /* NetworkInteractor.swift */,
				A0C291942EF814CC00938CB5 /* NetworkError.swift */,
			);
			path = Network;
			sourceTree = "<group>";
		};
		A01859752EF6B453007EF68A /* Model */ = {
			isa = PBXGroup;
			children = (
				A0C2918C2EF807D100938CB5 /* PaginatedResponse.swift */,
				A0C2918A2EF807B600938CB5 /* DemographicDTO.swift */,
				A0C291882EF807A000938CB5 /* ThemeDTO.swift */,
				A0C291862EF8077A00938CB5 /* GenreDTO.swift */,
				A0C291842EF8075500938CB5 /* AuthorDTO.swift */,
				A0C291822EF806F900938CB5 /* MangaDTO.swift */,
			);
			path = Model;
			sourceTree = "<group>";
		};
		A01859762EF6B45E007EF68A /* DataModel */ = {
			isa = PBXGroup;
			children = (
				A0C291922EF80A2A00938CB5 /* PreviewContainer.swift */,
				A0C291902EF808E000938CB5 /* PreviewData.swift */,
				A0C2918E2EF8084200938CB5 /* UserMangaCollection.swift */,
			);
			path = DataModel;
			sourceTree = "<group>";
		};
		A01859772EF6B467007EF68A /* ViewModel */ = {
			isa = PBXGroup;
			children = (
				A07858442F10FAA2003A0603 /* CategoryGridVM.swift */,
				A07DADAC2F0FB3A800225D05 /* ExploreVM.swift */,
				A0C291A92EF81F4E00938CB5 /* MangaListVM.swift */,
			);
			path = ViewModel;
			sourceTree = "<group>";
		};
		A01859792EF6B47C007EF68A /* Views */ = {
			isa = PBXGroup;
			children = (
				A07858462F1101DF003A0603 /* LoadingView.swift */,
				A07858422F10FA78003A0603 /* CategoryGridView.swift */,
				A07858402F10F251003A0603 /* ExploreView.swift */,
				A07DADB22F0FBE7800225D05 /* NewMangaListView.swift */,
				A07DADAE2F0FBAE100225D05 /* HeroCarouselView.swift */,
				A07DADA82F0FA0B400225D05 /* NewMangaDetailView.swift */,
				A05450BA2F0A929600F88D1D /* CollectionView.swift */,
				A05450B82F0A904A00F88D1D /* AddToCollectionSheet.swift */,
				A0C291B32EF822C900938CB5 /* MainTab.swift */,
			);
			path = Views;
			sourceTree = "<group>";
		};
		A018597A2EF6B486007EF68A /* Components */ = {
			isa = PBXGroup;
			children = (
				A07DADB02F0FBDFD00225D05 /* MangaRowView.swift */,
				A05450BC2F0A931800F88D1D /* CollectionCardView.swift */,
				A05450B22F0A816F00F88D1D /* RatingView.swift */,
				A0C291AF2EF81F7400938CB5 /* MangaCoverView.swift */,
			);
			path = Components;
			sourceTree = "<group>";
		};
/* End PBXGroup section */

/* Begin PBXNativeTarget section */
		A018595E2EF6B41F007EF68A /* MisMangas */ = {
			isa = PBXNativeTarget;
			buildConfigurationList = A018596A2EF6B41F007EF68A /* Build configuration list for PBXNativeTarget "MisMangas" */;
			buildPhases = (
				A018595B2EF6B41F007EF68A /* Sources */,
				A018595C2EF6B41F007EF68A /* Frameworks */,
				A018595D2EF6B41F007EF68A /* Resources */,
			);
			buildRules = (
			);
			dependencies = (
			);
			name = MisMangas;
			packageProductDependencies = (
			);
			productName = MisMangas;
			productReference = A018595F2EF6B41F007EF68A /* MisMangas.app */;
			productType = "com.apple.product-type.application";
		};
/* End PBXNativeTarget section */

/* Begin PBXProject section */
		A01859572EF6B41F007EF68A /* Project object */ = {
			isa = PBXProject;
			attributes = {
				BuildIndependentTargetsInParallel = 1;
				LastSwiftUpdateCheck = 2600;
				LastUpgradeCheck = 2600;
				TargetAttributes = {
					A018595E2EF6B41F007EF68A = {
						CreatedOnToolsVersion = 26.0.1;
					};
				};
			};
			buildConfigurationList = A018595A2EF6B41F007EF68A /* Build configuration list for PBXProject "MisMangas" */;
			developmentRegion = en;
			hasScannedForEncodings = 0;
			knownRegions = (
				en,
				Base,
			);
			mainGroup = A01859562EF6B41F007EF68A;
			minimizedProjectReferenceProxies = 1;
			preferredProjectObjectVersion = 77;
			productRefGroup = A01859602EF6B41F007EF68A /* Products */;
			projectDirPath = "";
			projectRoot = "";
			targets = (
				A018595E2EF6B41F007EF68A /* MisMangas */,
			);
		};
/* End PBXProject section */

/* Begin PBXResourcesBuildPhase section */
		A018595D2EF6B41F007EF68A /* Resources */ = {
			isa = PBXResourcesBuildPhase;
			buildActionMask = 2147483647;
			files = (
				A01859712EF6B42B007EF68A /* Assets.xcassets in Resources */,
				A078584D2F111516003A0603 /* MisMangas.icon in Resources */,
			);
			runOnlyForDeploymentPostprocessing = 0;
		};
/* End PBXResourcesBuildPhase section */

/* Begin PBXSourcesBuildPhase section */
		A018595B2EF6B41F007EF68A /* Sources */ = {
			isa = PBXSourcesBuildPhase;
			buildActionMask = 2147483647;
			files = (
				A0C291932EF80A2C00938CB5 /* PreviewContainer.swift in Sources */,
				A0C291912EF808E300938CB5 /* PreviewData.swift in Sources */,
				A05450BB2F0A929B00F88D1D /* CollectionView.swift in Sources */,
				A05450B92F0A904E00F88D1D /* AddToCollectionSheet.swift in Sources */,
				A07858452F10FAA3003A0603 /* CategoryGridVM.swift in Sources */,
				A0C2919B2EF8159000938CB5 /* URLSession.swift in Sources */,
				A0C291992EF8154A00938CB5 /* URLRequest.swift in Sources */,
				A0C291B42EF822CA00938CB5 /* MainTab.swift in Sources */,
				A0C291A42EF8162D00938CB5 /* NetworkRepository.swift in Sources */,
				A0C291B02EF81F7700938CB5 /* MangaCoverView.swift in Sources */,
				A07DADA92F0FA0B600225D05 /* NewMangaDetailView.swift in Sources */,
				A0C291852EF8075D00938CB5 /* AuthorDTO.swift in Sources */,
				A05450B32F0A817200F88D1D /* RatingView.swift in Sources */,
				A0C2918F2EF8084600938CB5 /* UserMangaCollection.swift in Sources */,
				A07DADAF2F0FBAE400225D05 /* HeroCarouselView.swift in Sources */,
				A07858412F10F254003A0603 /* ExploreView.swift in Sources */,
				A0C291AA2EF81F5200938CB5 /* MangaListVM.swift in Sources */,
				A07858472F1101E3003A0603 /* LoadingView.swift in Sources */,
				A0C291972EF8151200938CB5 /* NetworkInteractor.swift in Sources */,
				A07DADB12F0FBE0000225D05 /* MangaRowView.swift in Sources */,
				A0C291872EF8078000938CB5 /* GenreDTO.swift in Sources */,
				A0C2919E2EF815BE00938CB5 /* UIImage.swift in Sources */,
				A0C291A02EF815E300938CB5 /* ImageDownloader.swift in Sources */,
				A0C2918B2EF807B800938CB5 /* DemographicDTO.swift in Sources */,
				A07858432F10FA79003A0603 /* CategoryGridView.swift in Sources */,
				A07DADB32F0FBE7A00225D05 /* NewMangaListView.swift in Sources */,
				A0C291A22EF815FF00938CB5 /* URL.swift in Sources */,
				A0C291892EF807A400938CB5 /* ThemeDTO.swift in Sources */,
				A0C291832EF8070100938CB5 /* MangaDTO.swift in Sources */,
				A05450BD2F0A931B00F88D1D /* CollectionCardView.swift in Sources */,
				A0C291952EF814D000938CB5 /* NetworkError.swift in Sources */,
				A07DADAD2F0FB3AB00225D05 /* ExploreVM.swift in Sources */,
				A0C2918D2EF807D300938CB5 /* PaginatedResponse.swift in Sources */,
				A01859732EF6B42B007EF68A /* MisMangasApp.swift in Sources */,
			);
			runOnlyForDeploymentPostprocessing = 0;
		};
/* End PBXSourcesBuildPhase section */

/* Begin XCBuildConfiguration section */
		A01859682EF6B41F007EF68A /* Debug */ = {
			isa = XCBuildConfiguration;
			buildSettings = {
				ALWAYS_SEARCH_USER_PATHS = NO;
				ASSETCATALOG_COMPILER_GENERATE_SWIFT_ASSET_SYMBOL_EXTENSIONS = YES;
				CLANG_ANALYZER_NONNULL = YES;
				CLANG_ANALYZER_NUMBER_OBJECT_CONVERSION = YES_AGGRESSIVE;
				CLANG_CXX_LANGUAGE_STANDARD = "gnu++20";
				CLANG_ENABLE_MODULES = YES;
				CLANG_ENABLE_OBJC_ARC = YES;
				CLANG_ENABLE_OBJC_WEAK = YES;
				CLANG_WARN_BLOCK_CAPTURE_AUTORELEASING = YES;
				CLANG_WARN_BOOL_CONVERSION = YES;
				CLANG_WARN_COMMA = YES;
				CLANG_WARN_CONSTANT_CONVERSION = YES;
				CLANG_WARN_DEPRECATED_OBJC_IMPLEMENTATIONS = YES;
				CLANG_WARN_DIRECT_OBJC_ISA_USAGE = YES_ERROR;
				CLANG_WARN_DOCUMENTATION_COMMENTS = YES;
				CLANG_WARN_EMPTY_BODY = YES;
				CLANG_WARN_ENUM_CONVERSION = YES;
				CLANG_WARN_INFINITE_RECURSION = YES;
				CLANG_WARN_INT_CONVERSION = YES;
				CLANG_WARN_NON_LITERAL_NULL_CONVERSION = YES;
				CLANG_WARN_OBJC_IMPLICIT_RETAIN_SELF = YES;
				CLANG_WARN_OBJC_LITERAL_CONVERSION = YES;
				CLANG_WARN_OBJC_ROOT_CLASS = YES_ERROR;
				CLANG_WARN_QUOTED_INCLUDE_IN_FRAMEWORK_HEADER = YES;
				CLANG_WARN_RANGE_LOOP_ANALYSIS = YES;
				CLANG_WARN_STRICT_PROTOTYPES = YES;
				CLANG_WARN_SUSPICIOUS_MOVE = YES;
				CLANG_WARN_UNGUARDED_AVAILABILITY = YES_AGGRESSIVE;
				CLANG_WARN_UNREACHABLE_CODE = YES;
				CLANG_WARN__DUPLICATE_METHOD_MATCH = YES;
				COPY_PHASE_STRIP = NO;
				DEBUG_INFORMATION_FORMAT = dwarf;
				ENABLE_STRICT_OBJC_MSGSEND = YES;
				ENABLE_TESTABILITY = YES;
				ENABLE_USER_SCRIPT_SANDBOXING = YES;
				GCC_C_LANGUAGE_STANDARD = gnu17;
				GCC_DYNAMIC_NO_PIC = NO;
				GCC_NO_COMMON_BLOCKS = YES;
				GCC_OPTIMIZATION_LEVEL = 0;
				GCC_PREPROCESSOR_DEFINITIONS = (
					"DEBUG=1",
					"$(inherited)",
				);
				GCC_WARN_64_TO_32_BIT_CONVERSION = YES;
				GCC_WARN_ABOUT_RETURN_TYPE = YES_ERROR;
				GCC_WARN_UNDECLARED_SELECTOR = YES;
				GCC_WARN_UNINITIALIZED_AUTOS = YES_AGGRESSIVE;
				GCC_WARN_UNUSED_FUNCTION = YES;
				GCC_WARN_UNUSED_VARIABLE = YES;
				IPHONEOS_DEPLOYMENT_TARGET = 26.0;
				LOCALIZATION_PREFERS_STRING_CATALOGS = YES;
				MTL_ENABLE_DEBUG_INFO = INCLUDE_SOURCE;
				MTL_FAST_MATH = YES;
				ONLY_ACTIVE_ARCH = YES;
				SDKROOT = iphoneos;
				SWIFT_ACTIVE_COMPILATION_CONDITIONS = "DEBUG $(inherited)";
				SWIFT_OPTIMIZATION_LEVEL = "-Onone";
			};
			name = Debug;
		};
		A01859692EF6B41F007EF68A /* Release */ = {
			isa = XCBuildConfiguration;
			buildSettings = {
				ALWAYS_SEARCH_USER_PATHS = NO;
				ASSETCATALOG_COMPILER_GENERATE_SWIFT_ASSET_SYMBOL_EXTENSIONS = YES;
				CLANG_ANALYZER_NONNULL = YES;
				CLANG_ANALYZER_NUMBER_OBJECT_CONVERSION = YES_AGGRESSIVE;
				CLANG_CXX_LANGUAGE_STANDARD = "gnu++20";
				CLANG_ENABLE_MODULES = YES;
				CLANG_ENABLE_OBJC_ARC = YES;
				CLANG_ENABLE_OBJC_WEAK = YES;
				CLANG_WARN_BLOCK_CAPTURE_AUTORELEASING = YES;
				CLANG_WARN_BOOL_CONVERSION = YES;
				CLANG_WARN_COMMA = YES;
				CLANG_WARN_CONSTANT_CONVERSION = YES;
				CLANG_WARN_DEPRECATED_OBJC_IMPLEMENTATIONS = YES;
				CLANG_WARN_DIRECT_OBJC_ISA_USAGE = YES_ERROR;
				CLANG_WARN_DOCUMENTATION_COMMENTS = YES;
				CLANG_WARN_EMPTY_BODY = YES;
				CLANG_WARN_ENUM_CONVERSION = YES;
				CLANG_WARN_INFINITE_RECURSION = YES;
				CLANG_WARN_INT_CONVERSION = YES;
				CLANG_WARN_NON_LITERAL_NULL_CONVERSION = YES;
				CLANG_WARN_OBJC_IMPLICIT_RETAIN_SELF = YES;
				CLANG_WARN_OBJC_LITERAL_CONVERSION = YES;
				CLANG_WARN_OBJC_ROOT_CLASS = YES_ERROR;
				CLANG_WARN_QUOTED_INCLUDE_IN_FRAMEWORK_HEADER = YES;
				CLANG_WARN_RANGE_LOOP_ANALYSIS = YES;
				CLANG_WARN_STRICT_PROTOTYPES = YES;
				CLANG_WARN_SUSPICIOUS_MOVE = YES;
				CLANG_WARN_UNGUARDED_AVAILABILITY = YES_AGGRESSIVE;
				CLANG_WARN_UNREACHABLE_CODE = YES;
				CLANG_WARN__DUPLICATE_METHOD_MATCH = YES;
				COPY_PHASE_STRIP = NO;
				DEBUG_INFORMATION_FORMAT = "dwarf-with-dsym";
				ENABLE_NS_ASSERTIONS = NO;
				ENABLE_STRICT_OBJC_MSGSEND = YES;
				ENABLE_USER_SCRIPT_SANDBOXING = YES;
				GCC_C_LANGUAGE_STANDARD = gnu17;
				GCC_NO_COMMON_BLOCKS = YES;
				GCC_WARN_64_TO_32_BIT_CONVERSION = YES;
				GCC_WARN_ABOUT_RETURN_TYPE = YES_ERROR;
				GCC_WARN_UNDECLARED_SELECTOR = YES;
				GCC_WARN_UNINITIALIZED_AUTOS = YES_AGGRESSIVE;
				GCC_WARN_UNUSED_FUNCTION = YES;
				GCC_WARN_UNUSED_VARIABLE = YES;
				IPHONEOS_DEPLOYMENT_TARGET = 26.0;
				LOCALIZATION_PREFERS_STRING_CATALOGS = YES;
				MTL_ENABLE_DEBUG_INFO = NO;
				MTL_FAST_MATH = YES;
				SDKROOT = iphoneos;
				SWIFT_COMPILATION_MODE = wholemodule;
				VALIDATE_PRODUCT = YES;
			};
			name = Release;
		};
		A018596B2EF6B41F007EF68A /* Debug */ = {
			isa = XCBuildConfiguration;
			buildSettings = {
				ASSETCATALOG_COMPILER_APPICON_NAME = MisMangas;
				ASSETCATALOG_COMPILER_GLOBAL_ACCENT_COLOR_NAME = AccentColor;
				CODE_SIGN_STYLE = Automatic;
				CURRENT_PROJECT_VERSION = 1;
				DEVELOPMENT_TEAM = H4Z72RY9V9;
				ENABLE_PREVIEWS = YES;
				GENERATE_INFOPLIST_FILE = YES;
				INFOPLIST_KEY_UIApplicationSceneManifest_Generation = YES;
				INFOPLIST_KEY_UIApplicationSupportsIndirectInputEvents = YES;
				INFOPLIST_KEY_UILaunchScreen_Generation = YES;
				INFOPLIST_KEY_UILaunchStoryboardName = "";
				INFOPLIST_KEY_UISupportedInterfaceOrientations = UIInterfaceOrientationPortrait;
				INFOPLIST_KEY_UISupportedInterfaceOrientations_iPad = "UIInterfaceOrientationLandscapeLeft UIInterfaceOrientationLandscapeRight UIInterfaceOrientationPortrait UIInterfaceOrientationPortraitUpsideDown";
				LD_RUNPATH_SEARCH_PATHS = (
					"$(inherited)",
					"@executable_path/Frameworks",
				);
				MARKETING_VERSION = 1.0;
				PRODUCT_BUNDLE_IDENTIFIER = com.juanferrera.MisMangas;
				PRODUCT_NAME = "$(TARGET_NAME)";
				STRING_CATALOG_GENERATE_SYMBOLS = YES;
				SWIFT_APPROACHABLE_CONCURRENCY = YES;
				SWIFT_DEFAULT_ACTOR_ISOLATION = MainActor;
				SWIFT_EMIT_LOC_STRINGS = YES;
				SWIFT_UPCOMING_FEATURE_MEMBER_IMPORT_VISIBILITY = YES;
				SWIFT_VERSION = 6.0;
				TARGETED_DEVICE_FAMILY = "1,2";
			};
			name = Debug;
		};
		A018596C2EF6B41F007EF68A /* Release */ = {
			isa = XCBuildConfiguration;
			buildSettings = {
				ASSETCATALOG_COMPILER_APPICON_NAME = MisMangas;
				ASSETCATALOG_COMPILER_GLOBAL_ACCENT_COLOR_NAME = AccentColor;
				CODE_SIGN_STYLE = Automatic;
				CURRENT_PROJECT_VERSION = 1;
				DEVELOPMENT_TEAM = H4Z72RY9V9;
				ENABLE_PREVIEWS = YES;
				GENERATE_INFOPLIST_FILE = YES;
				INFOPLIST_KEY_UIApplicationSceneManifest_Generation = YES;
				INFOPLIST_KEY_UIApplicationSupportsIndirectInputEvents = YES;
				INFOPLIST_KEY_UILaunchScreen_Generation = YES;
				INFOPLIST_KEY_UILaunchStoryboardName = "";
				INFOPLIST_KEY_UISupportedInterfaceOrientations = UIInterfaceOrientationPortrait;
				INFOPLIST_KEY_UISupportedInterfaceOrientations_iPad = "UIInterfaceOrientationLandscapeLeft UIInterfaceOrientationLandscapeRight UIInterfaceOrientationPortrait UIInterfaceOrientationPortraitUpsideDown";
				LD_RUNPATH_SEARCH_PATHS = (
					"$(inherited)",
					"@executable_path/Frameworks",
				);
				MARKETING_VERSION = 1.0;
				PRODUCT_BUNDLE_IDENTIFIER = com.juanferrera.MisMangas;
				PRODUCT_NAME = "$(TARGET_NAME)";
				STRING_CATALOG_GENERATE_SYMBOLS = YES;
				SWIFT_APPROACHABLE_CONCURRENCY = YES;
				SWIFT_DEFAULT_ACTOR_ISOLATION = MainActor;
				SWIFT_EMIT_LOC_STRINGS = YES;
				SWIFT_UPCOMING_FEATURE_MEMBER_IMPORT_VISIBILITY = YES;
				SWIFT_VERSION = 6.0;
				TARGETED_DEVICE_FAMILY = "1,2";
			};
			name = Release;
		};
/* End XCBuildConfiguration section */

/* Begin XCConfigurationList section */
		A018595A2EF6B41F007EF68A /* Build configuration list for PBXProject "MisMangas" */ = {
			isa = XCConfigurationList;
			buildConfigurations = (
				A01859682EF6B41F007EF68A /* Debug */,
				A01859692EF6B41F007EF68A /* Release */,
			);
			defaultConfigurationIsVisible = 0;
			defaultConfigurationName = Release;
		};
		A018596A2EF6B41F007EF68A /* Build configuration list for PBXNativeTarget "MisMangas" */ = {
			isa = XCConfigurationList;
			buildConfigurations = (
				A018596B2EF6B41F007EF68A /* Debug */,
				A018596C2EF6B41F007EF68A /* Release */,
			);
			defaultConfigurationIsVisible = 0;
			defaultConfigurationName = Release;
		};
/* End XCConfigurationList section */
	};
	rootObject = A01859572EF6B41F007EF68A /* Project object */;
}
